// !$*UTF8*$!
{
	archiveVersion = 1;
	classes = {
	};
	objectVersion = 46;
	objects = {

/* Begin PBXBuildFile section */
		5C2A693A31D66F9E43D35DB6 /* Pods_beeryMe.framework in Frameworks */ = {isa = PBXBuildFile; fileRef = 74307787250EDCE05877B673 /* Pods_beeryMe.framework */; };
		BE1E06BF1FC35E85000A6F30 /* UserDefaults+helpers.swift in Sources */ = {isa = PBXBuildFile; fileRef = BE1E06BE1FC35E85000A6F30 /* UserDefaults+helpers.swift */; };
		BE31BD031FC77978001D241D /* PubView.swift in Sources */ = {isa = PBXBuildFile; fileRef = BE31BD021FC77978001D241D /* PubView.swift */; };
		BE31BD311FCA21C9001D241D /* ButtonAnimations.swift in Sources */ = {isa = PBXBuildFile; fileRef = BE31BD301FCA21C9001D241D /* ButtonAnimations.swift */; };
		BE31BD331FCAEA6A001D241D /* ConnectionCheck.swift in Sources */ = {isa = PBXBuildFile; fileRef = BE31BD321FCAEA68001D241D /* ConnectionCheck.swift */; };
		BE3539C01F5058DE00DC9235 /* Pub.swift in Sources */ = {isa = PBXBuildFile; fileRef = BE3539BF1F5058DE00DC9235 /* Pub.swift */; };
		BE5C1A541E4E49BD005AB2A9 /* AppDelegate.swift in Sources */ = {isa = PBXBuildFile; fileRef = BE5C1A531E4E49BD005AB2A9 /* AppDelegate.swift */; };
		BE5C1A561E4E49BD005AB2A9 /* OpeningScreenVC.swift in Sources */ = {isa = PBXBuildFile; fileRef = BE5C1A551E4E49BD005AB2A9 /* OpeningScreenVC.swift */; };
		BE5C1A591E4E49BD005AB2A9 /* Main.storyboard in Resources */ = {isa = PBXBuildFile; fileRef = BE5C1A571E4E49BD005AB2A9 /* Main.storyboard */; };
		BE5C1A5E1E4E49BD005AB2A9 /* LaunchScreen.storyboard in Resources */ = {isa = PBXBuildFile; fileRef = BE5C1A5C1E4E49BD005AB2A9 /* LaunchScreen.storyboard */; };
		BEA76D2A1FBCF83A002954E1 /* Constants.swift in Sources */ = {isa = PBXBuildFile; fileRef = BEA76D291FBCF83A002954E1 /* Constants.swift */; };
		BEA76D2D1FBE4250002954E1 /* Assets.xcassets in Resources */ = {isa = PBXBuildFile; fileRef = BEA76D2C1FBE4250002954E1 /* Assets.xcassets */; };
		BEA76D2F1FBE4B46002954E1 /* beer.mp3 in Resources */ = {isa = PBXBuildFile; fileRef = BEA76D2E1FBE4B45002954E1 /* beer.mp3 */; };
		BEA76D311FBE53D2002954E1 /* fizz.mp3 in Resources */ = {isa = PBXBuildFile; fileRef = BEA76D301FBE53D1002954E1 /* fizz.mp3 */; };
		BEA76D331FBF04BC002954E1 /* beerpour.mp3 in Resources */ = {isa = PBXBuildFile; fileRef = BEA76D321FBF04BC002954E1 /* beerpour.mp3 */; };
		BECABF151F4CE56700D5AD11 /* MapKit.framework in Frameworks */ = {isa = PBXBuildFile; fileRef = BECABF141F4CE56700D5AD11 /* MapKit.framework */; };
		BEF24D911FB39AC70001E43B /* MapVC.swift in Sources */ = {isa = PBXBuildFile; fileRef = BEF24D901FB39AC70001E43B /* MapVC.swift */; };
		BEF24D931FB4F92C0001E43B /* PubListVC.swift in Sources */ = {isa = PBXBuildFile; fileRef = BEF24D921FB4F92C0001E43B /* PubListVC.swift */; };
		BEFD723A1FB24C5400F7BEFE /* QueryService.swift in Sources */ = {isa = PBXBuildFile; fileRef = BEFD72391FB24C5400F7BEFE /* QueryService.swift */; };
/* End PBXBuildFile section */

/* Begin PBXFileReference section */
		20C561D500C73FF42BD3D15E /* Pods-beeryMe.release.xcconfig */ = {isa = PBXFileReference; includeInIndex = 1; lastKnownFileType = text.xcconfig; name = "Pods-beeryMe.release.xcconfig"; path = "Pods/Target Support Files/Pods-beeryMe/Pods-beeryMe.release.xcconfig"; sourceTree = "<group>"; };
		74307787250EDCE05877B673 /* Pods_beeryMe.framework */ = {isa = PBXFileReference; explicitFileType = wrapper.framework; includeInIndex = 0; path = Pods_beeryMe.framework; sourceTree = BUILT_PRODUCTS_DIR; };
		BE1E06BE1FC35E85000A6F30 /* UserDefaults+helpers.swift */ = {isa = PBXFileReference; lastKnownFileType = sourcecode.swift; path = "UserDefaults+helpers.swift"; sourceTree = "<group>"; };
		BE31BD021FC77978001D241D /* PubView.swift */ = {isa = PBXFileReference; lastKnownFileType = sourcecode.swift; path = PubView.swift; sourceTree = "<group>"; };
		BE31BD301FCA21C9001D241D /* ButtonAnimations.swift */ = {isa = PBXFileReference; fileEncoding = 4; lastKnownFileType = sourcecode.swift; path = ButtonAnimations.swift; sourceTree = "<group>"; };
		BE31BD321FCAEA68001D241D /* ConnectionCheck.swift */ = {isa = PBXFileReference; lastKnownFileType = sourcecode.swift; path = ConnectionCheck.swift; sourceTree = "<group>"; };
		BE3539BF1F5058DE00DC9235 /* Pub.swift */ = {isa = PBXFileReference; fileEncoding = 4; lastKnownFileType = sourcecode.swift; path = Pub.swift; sourceTree = "<group>"; };
		BE5C1A501E4E49BD005AB2A9 /* beeryMe.app */ = {isa = PBXFileReference; explicitFileType = wrapper.application; includeInIndex = 0; path = beeryMe.app; sourceTree = BUILT_PRODUCTS_DIR; };
		BE5C1A531E4E49BD005AB2A9 /* AppDelegate.swift */ = {isa = PBXFileReference; lastKnownFileType = sourcecode.swift; path = AppDelegate.swift; sourceTree = "<group>"; };
		BE5C1A551E4E49BD005AB2A9 /* OpeningScreenVC.swift */ = {isa = PBXFileReference; lastKnownFileType = sourcecode.swift; path = OpeningScreenVC.swift; sourceTree = "<group>"; };
		BE5C1A581E4E49BD005AB2A9 /* Base */ = {isa = PBXFileReference; lastKnownFileType = file.storyboard; name = Base; path = Base.lproj/Main.storyboard; sourceTree = "<group>"; };
		BE5C1A5D1E4E49BD005AB2A9 /* Base */ = {isa = PBXFileReference; lastKnownFileType = file.storyboard; name = Base; path = Base.lproj/LaunchScreen.storyboard; sourceTree = "<group>"; };
		BE5C1A5F1E4E49BD005AB2A9 /* Info.plist */ = {isa = PBXFileReference; lastKnownFileType = text.plist.xml; path = Info.plist; sourceTree = "<group>"; };
		BE5C1A661E4F0993005AB2A9 /* CoreLocation.framework */ = {isa = PBXFileReference; lastKnownFileType = wrapper.framework; name = CoreLocation.framework; path = System/Library/Frameworks/CoreLocation.framework; sourceTree = SDKROOT; };
		BEA76D291FBCF83A002954E1 /* Constants.swift */ = {isa = PBXFileReference; lastKnownFileType = sourcecode.swift; path = Constants.swift; sourceTree = "<group>"; };
		BEA76D2C1FBE4250002954E1 /* Assets.xcassets */ = {isa = PBXFileReference; lastKnownFileType = folder.assetcatalog; path = Assets.xcassets; sourceTree = "<group>"; };
		BEA76D2E1FBE4B45002954E1 /* beer.mp3 */ = {isa = PBXFileReference; lastKnownFileType = audio.mp3; path = beer.mp3; sourceTree = "<group>"; };
		BEA76D301FBE53D1002954E1 /* fizz.mp3 */ = {isa = PBXFileReference; lastKnownFileType = audio.mp3; path = fizz.mp3; sourceTree = "<group>"; };
		BEA76D321FBF04BC002954E1 /* beerpour.mp3 */ = {isa = PBXFileReference; lastKnownFileType = audio.mp3; path = beerpour.mp3; sourceTree = "<group>"; };
		BECABF141F4CE56700D5AD11 /* MapKit.framework */ = {isa = PBXFileReference; lastKnownFileType = wrapper.framework; name = MapKit.framework; path = System/Library/Frameworks/MapKit.framework; sourceTree = SDKROOT; };
		BEF24D901FB39AC70001E43B /* MapVC.swift */ = {isa = PBXFileReference; fileEncoding = 4; lastKnownFileType = sourcecode.swift; path = MapVC.swift; sourceTree = "<group>"; };
		BEF24D921FB4F92C0001E43B /* PubListVC.swift */ = {isa = PBXFileReference; lastKnownFileType = sourcecode.swift; path = PubListVC.swift; sourceTree = "<group>"; };
		BEFD72391FB24C5400F7BEFE /* QueryService.swift */ = {isa = PBXFileReference; lastKnownFileType = sourcecode.swift; path = QueryService.swift; sourceTree = "<group>"; };
		C45E66AFE835E7FE7ECECA00 /* Pods-beeryMe.debug.xcconfig */ = {isa = PBXFileReference; includeInIndex = 1; lastKnownFileType = text.xcconfig; name = "Pods-beeryMe.debug.xcconfig"; path = "Pods/Target Support Files/Pods-beeryMe/Pods-beeryMe.debug.xcconfig"; sourceTree = "<group>"; };
/* End PBXFileReference section */

/* Begin PBXFrameworksBuildPhase section */
		BE5C1A4D1E4E49BD005AB2A9 /* Frameworks */ = {
			isa = PBXFrameworksBuildPhase;
			buildActionMask = 2147483647;
			files = (
				BECABF151F4CE56700D5AD11 /* MapKit.framework in Frameworks */,
				5C2A693A31D66F9E43D35DB6 /* Pods_beeryMe.framework in Frameworks */,
			);
			runOnlyForDeploymentPostprocessing = 0;
		};
/* End PBXFrameworksBuildPhase section */

/* Begin PBXGroup section */
		4CC02F0A7C01216EE890B3C1 /* Pods */ = {
			isa = PBXGroup;
			children = (
				C45E66AFE835E7FE7ECECA00 /* Pods-beeryMe.debug.xcconfig */,
				20C561D500C73FF42BD3D15E /* Pods-beeryMe.release.xcconfig */,
			);
			name = Pods;
			sourceTree = "<group>";
		};
		BE5C1A471E4E49BD005AB2A9 = {
			isa = PBXGroup;
			children = (
				BE5C1A521E4E49BD005AB2A9 /* beeryMe */,
				BE5C1A511E4E49BD005AB2A9 /* Products */,
				BE5C1A651E4F0993005AB2A9 /* Frameworks */,
				4CC02F0A7C01216EE890B3C1 /* Pods */,
			);
			sourceTree = "<group>";
		};
		BE5C1A511E4E49BD005AB2A9 /* Products */ = {
			isa = PBXGroup;
			children = (
				BE5C1A501E4E49BD005AB2A9 /* beeryMe.app */,
			);
			name = Products;
			sourceTree = "<group>";
		};
		BE5C1A521E4E49BD005AB2A9 /* beeryMe */ = {
			isa = PBXGroup;
			children = (
				BEFD72321FB24AC400F7BEFE /* View */,
				BEFD72331FB24ADF00F7BEFE /* Model */,
				BEFD72341FB24AE200F7BEFE /* Controller */,
				BEFD72351FB24AE400F7BEFE /* Networking */,
				BEFD72371FB24B5200F7BEFE /* Supporting Files */,
			);
			path = beeryMe;
			sourceTree = "<group>";
		};
		BE5C1A651E4F0993005AB2A9 /* Frameworks */ = {
			isa = PBXGroup;
			children = (
				BECABF141F4CE56700D5AD11 /* MapKit.framework */,
				BE5C1A661E4F0993005AB2A9 /* CoreLocation.framework */,
				74307787250EDCE05877B673 /* Pods_beeryMe.framework */,
			);
			name = Frameworks;
			sourceTree = "<group>";
		};
		BEFD72321FB24AC400F7BEFE /* View */ = {
			isa = PBXGroup;
			children = (
				BE31BD021FC77978001D241D /* PubView.swift */,
			);
			name = View;
			sourceTree = "<group>";
		};
		BEFD72331FB24ADF00F7BEFE /* Model */ = {
			isa = PBXGroup;
			children = (
				BE3539BF1F5058DE00DC9235 /* Pub.swift */,
				BE1E06BE1FC35E85000A6F30 /* UserDefaults+helpers.swift */,
			);
			name = Model;
			sourceTree = "<group>";
		};
		BEFD72341FB24AE200F7BEFE /* Controller */ = {
			isa = PBXGroup;
			children = (
				BE5C1A551E4E49BD005AB2A9 /* OpeningScreenVC.swift */,
				BEF24D901FB39AC70001E43B /* MapVC.swift */,
				BEF24D921FB4F92C0001E43B /* PubListVC.swift */,
			);
			name = Controller;
			sourceTree = "<group>";
		};
		BEFD72351FB24AE400F7BEFE /* Networking */ = {
			isa = PBXGroup;
			children = (
				BEFD72391FB24C5400F7BEFE /* QueryService.swift */,
			);
			name = Networking;
			sourceTree = "<group>";
		};
		BEFD72371FB24B5200F7BEFE /* Supporting Files */ = {
			isa = PBXGroup;
			children = (
				BEA76D321FBF04BC002954E1 /* beerpour.mp3 */,
				BEA76D2E1FBE4B45002954E1 /* beer.mp3 */,
				BEA76D301FBE53D1002954E1 /* fizz.mp3 */,
				BE5C1A5F1E4E49BD005AB2A9 /* Info.plist */,
				BE5C1A571E4E49BD005AB2A9 /* Main.storyboard */,
				BE5C1A531E4E49BD005AB2A9 /* AppDelegate.swift */,
				BEA76D2C1FBE4250002954E1 /* Assets.xcassets */,
				BE5C1A5C1E4E49BD005AB2A9 /* LaunchScreen.storyboard */,
				BE31BD301FCA21C9001D241D /* ButtonAnimations.swift */,
				BE31BD321FCAEA68001D241D /* ConnectionCheck.swift */,
				BEA76D291FBCF83A002954E1 /* Constants.swift */,
			);
			name = "Supporting Files";
			sourceTree = "<group>";
		};
/* End PBXGroup section */

/* Begin PBXNativeTarget section */
		BE5C1A4F1E4E49BD005AB2A9 /* beeryMe */ = {
			isa = PBXNativeTarget;
			buildConfigurationList = BE5C1A621E4E49BD005AB2A9 /* Build configuration list for PBXNativeTarget "beeryMe" */;
			buildPhases = (
				9D917614B5039043D3E72D5C /* [CP] Check Pods Manifest.lock */,
				BE5C1A4C1E4E49BD005AB2A9 /* Sources */,
				BE5C1A4D1E4E49BD005AB2A9 /* Frameworks */,
				BE5C1A4E1E4E49BD005AB2A9 /* Resources */,
				0EB1E69D6B32E0FB3F378F9B /* [CP] Embed Pods Frameworks */,
				9F4F8C7A2AD583096194B639 /* [CP] Copy Pods Resources */,
			);
			buildRules = (
			);
			dependencies = (
			);
			name = beeryMe;
			productName = beeryMe;
			productReference = BE5C1A501E4E49BD005AB2A9 /* beeryMe.app */;
			productType = "com.apple.product-type.application";
		};
/* End PBXNativeTarget section */

/* Begin PBXProject section */
		BE5C1A481E4E49BD005AB2A9 /* Project object */ = {
			isa = PBXProject;
			attributes = {
				LastSwiftUpdateCheck = 0820;
				LastUpgradeCheck = 0900;
				ORGANIZATIONNAME = "George Jowitt";
				TargetAttributes = {
					BE5C1A4F1E4E49BD005AB2A9 = {
						CreatedOnToolsVersion = 8.2.1;
						DevelopmentTeam = BADG5SS7S8;
						LastSwiftMigration = 0900;
						ProvisioningStyle = Automatic;
						SystemCapabilities = {
							com.apple.Maps.iOS = {
								enabled = 0;
							};
						};
					};
				};
			};
			buildConfigurationList = BE5C1A4B1E4E49BD005AB2A9 /* Build configuration list for PBXProject "beeryMe" */;
			compatibilityVersion = "Xcode 3.2";
			developmentRegion = English;
			hasScannedForEncodings = 0;
			knownRegions = (
				en,
				Base,
			);
			mainGroup = BE5C1A471E4E49BD005AB2A9;
			productRefGroup = BE5C1A511E4E49BD005AB2A9 /* Products */;
			projectDirPath = "";
			projectRoot = "";
			targets = (
				BE5C1A4F1E4E49BD005AB2A9 /* beeryMe */,
			);
		};
/* End PBXProject section */

/* Begin PBXResourcesBuildPhase section */
		BE5C1A4E1E4E49BD005AB2A9 /* Resources */ = {
			isa = PBXResourcesBuildPhase;
			buildActionMask = 2147483647;
			files = (
				BEA76D2F1FBE4B46002954E1 /* beer.mp3 in Resources */,
				BEA76D311FBE53D2002954E1 /* fizz.mp3 in Resources */,
				BE5C1A5E1E4E49BD005AB2A9 /* LaunchScreen.storyboard in Resources */,
				BEA76D2D1FBE4250002954E1 /* Assets.xcassets in Resources */,
				BEA76D331FBF04BC002954E1 /* beerpour.mp3 in Resources */,
				BE5C1A591E4E49BD005AB2A9 /* Main.storyboard in Resources */,
			);
			runOnlyForDeploymentPostprocessing = 0;
		};
/* End PBXResourcesBuildPhase section */

/* Begin PBXShellScriptBuildPhase section */
		0EB1E69D6B32E0FB3F378F9B /* [CP] Embed Pods Frameworks */ = {
			isa = PBXShellScriptBuildPhase;
			buildActionMask = 2147483647;
			files = (
			);
			inputPaths = (
				"${SRCROOT}/Pods/Target Support Files/Pods-beeryMe/Pods-beeryMe-frameworks.sh",
				"${BUILT_PRODUCTS_DIR}/SwiftyJSON/SwiftyJSON.framework",
			);
			name = "[CP] Embed Pods Frameworks";
			outputPaths = (
				"${TARGET_BUILD_DIR}/${FRAMEWORKS_FOLDER_PATH}/SwiftyJSON.framework",
			);
			runOnlyForDeploymentPostprocessing = 0;
			shellPath = /bin/sh;
			shellScript = "\"${SRCROOT}/Pods/Target Support Files/Pods-beeryMe/Pods-beeryMe-frameworks.sh\"\n";
			showEnvVarsInLog = 0;
		};
		9D917614B5039043D3E72D5C /* [CP] Check Pods Manifest.lock */ = {
			isa = PBXShellScriptBuildPhase;
			buildActionMask = 2147483647;
			files = (
			);
			inputPaths = (
				"${PODS_PODFILE_DIR_PATH}/Podfile.lock",
				"${PODS_ROOT}/Manifest.lock",
			);
			name = "[CP] Check Pods Manifest.lock";
			outputPaths = (
				"$(DERIVED_FILE_DIR)/Pods-beeryMe-checkManifestLockResult.txt",
			);
			runOnlyForDeploymentPostprocessing = 0;
			shellPath = /bin/sh;
			shellScript = "diff \"${PODS_PODFILE_DIR_PATH}/Podfile.lock\" \"${PODS_ROOT}/Manifest.lock\" > /dev/null\nif [ $? != 0 ] ; then\n    # print error to STDERR\n    echo \"error: The sandbox is not in sync with the Podfile.lock. Run 'pod install' or update your CocoaPods installation.\" >&2\n    exit 1\nfi\n# This output is used by Xcode 'outputs' to avoid re-running this script phase.\necho \"SUCCESS\" > \"${SCRIPT_OUTPUT_FILE_0}\"\n";
			showEnvVarsInLog = 0;
		};
		9F4F8C7A2AD583096194B639 /* [CP] Copy Pods Resources */ = {
			isa = PBXShellScriptBuildPhase;
			buildActionMask = 2147483647;
			files = (
			);
			inputPaths = (
			);
			name = "[CP] Copy Pods Resources";
			outputPaths = (
			);
			runOnlyForDeploymentPostprocessing = 0;
			shellPath = /bin/sh;
			shellScript = "\"${SRCROOT}/Pods/Target Support Files/Pods-beeryMe/Pods-beeryMe-resources.sh\"\n";
			showEnvVarsInLog = 0;
		};
/* End PBXShellScriptBuildPhase section */

/* Begin PBXSourcesBuildPhase section */
		BE5C1A4C1E4E49BD005AB2A9 /* Sources */ = {
			isa = PBXSourcesBuildPhase;
			buildActionMask = 2147483647;
			files = (
				BE31BD311FCA21C9001D241D /* ButtonAnimations.swift in Sources */,
				BEF24D911FB39AC70001E43B /* MapVC.swift in Sources */,
				BE5C1A561E4E49BD005AB2A9 /* OpeningScreenVC.swift in Sources */,
				BE1E06BF1FC35E85000A6F30 /* UserDefaults+helpers.swift in Sources */,
				BEF24D931FB4F92C0001E43B /* PubListVC.swift in Sources */,
				BE3539C01F5058DE00DC9235 /* Pub.swift in Sources */,
				BEA76D2A1FBCF83A002954E1 /* Constants.swift in Sources */,
				BEFD723A1FB24C5400F7BEFE /* QueryService.swift in Sources */,
				BE31BD331FCAEA6A001D241D /* ConnectionCheck.swift in Sources */,
				BE5C1A541E4E49BD005AB2A9 /* AppDelegate.swift in Sources */,
				BE31BD031FC77978001D241D /* PubView.swift in Sources */,
			);
			runOnlyForDeploymentPostprocessing = 0;
		};
/* End PBXSourcesBuildPhase section */

/* Begin PBXVariantGroup section */
		BE5C1A571E4E49BD005AB2A9 /* Main.storyboard */ = {
			isa = PBXVariantGroup;
			children = (
				BE5C1A581E4E49BD005AB2A9 /* Base */,
			);
			name = Main.storyboard;
			sourceTree = "<group>";
		};
		BE5C1A5C1E4E49BD005AB2A9 /* LaunchScreen.storyboard */ = {
			isa = PBXVariantGroup;
			children = (
				BE5C1A5D1E4E49BD005AB2A9 /* Base */,
			);
			name = LaunchScreen.storyboard;
			sourceTree = "<group>";
		};
/* End PBXVariantGroup section */

/* Begin XCBuildConfiguration section */
		BE5C1A601E4E49BD005AB2A9 /* Debug */ = {
			isa = XCBuildConfiguration;
			buildSettings = {
				ALWAYS_SEARCH_USER_PATHS = NO;
				CLANG_ANALYZER_NONNULL = YES;
				CLANG_CXX_LANGUAGE_STANDARD = "gnu++0x";
				CLANG_CXX_LIBRARY = "libc++";
				CLANG_ENABLE_MODULES = YES;
				CLANG_ENABLE_OBJC_ARC = YES;
				CLANG_WARN_BLOCK_CAPTURE_AUTORELEASING = YES;
				CLANG_WARN_BOOL_CONVERSION = YES;
				CLANG_WARN_COMMA = YES;
				CLANG_WARN_CONSTANT_CONVERSION = YES;
				CLANG_WARN_DIRECT_OBJC_ISA_USAGE = YES_ERROR;
				CLANG_WARN_DOCUMENTATION_COMMENTS = YES;
				CLANG_WARN_EMPTY_BODY = YES;
				CLANG_WARN_ENUM_CONVERSION = YES;
				CLANG_WARN_INFINITE_RECURSION = YES;
				CLANG_WARN_INT_CONVERSION = YES;
				CLANG_WARN_NON_LITERAL_NULL_CONVERSION = YES;
				CLANG_WARN_OBJC_LITERAL_CONVERSION = YES;
				CLANG_WARN_OBJC_ROOT_CLASS = YES_ERROR;
				CLANG_WARN_RANGE_LOOP_ANALYSIS = YES;
				CLANG_WARN_STRICT_PROTOTYPES = YES;
				CLANG_WARN_SUSPICIOUS_MOVE = YES;
				CLANG_WARN_UNREACHABLE_CODE = YES;
				CLANG_WARN__DUPLICATE_METHOD_MATCH = YES;
				"CODE_SIGN_IDENTITY[sdk=iphoneos*]" = "iPhone Developer";
				COPY_PHASE_STRIP = NO;
				DEBUG_INFORMATION_FORMAT = dwarf;
				ENABLE_STRICT_OBJC_MSGSEND = YES;
				ENABLE_TESTABILITY = YES;
				GCC_C_LANGUAGE_STANDARD = gnu99;
				GCC_DYNAMIC_NO_PIC = NO;
				GCC_NO_COMMON_BLOCKS = YES;
				GCC_OPTIMIZATION_LEVEL = 0;
				GCC_PREPROCESSOR_DEFINITIONS = (
					"DEBUG=1",
					"$(inherited)",
				);
				GCC_WARN_64_TO_32_BIT_CONVERSION = YES;
				GCC_WARN_ABOUT_RETURN_TYPE = YES_ERROR;
				GCC_WARN_UNDECLARED_SELECTOR = YES;
				GCC_WARN_UNINITIALIZED_AUTOS = YES_AGGRESSIVE;
				GCC_WARN_UNUSED_FUNCTION = YES;
				GCC_WARN_UNUSED_VARIABLE = YES;
				IPHONEOS_DEPLOYMENT_TARGET = 10.0;
				MTL_ENABLE_DEBUG_INFO = YES;
				ONLY_ACTIVE_ARCH = YES;
				SDKROOT = iphoneos;
				SWIFT_ACTIVE_COMPILATION_CONDITIONS = DEBUG;
				SWIFT_OPTIMIZATION_LEVEL = "-Onone";
			};
			name = Debug;
		};
		BE5C1A611E4E49BD005AB2A9 /* Release */ = {
			isa = XCBuildConfiguration;
			buildSettings = {
				ALWAYS_SEARCH_USER_PATHS = NO;
				CLANG_ANALYZER_NONNULL = YES;
				CLANG_CXX_LANGUAGE_STANDARD = "gnu++0x";
				CLANG_CXX_LIBRARY = "libc++";
				CLANG_ENABLE_MODULES = YES;
				CLANG_ENABLE_OBJC_ARC = YES;
				CLANG_WARN_BLOCK_CAPTURE_AUTORELEASING = YES;
				CLANG_WARN_BOOL_CONVERSION = YES;
				CLANG_WARN_COMMA = YES;
				CLANG_WARN_CONSTANT_CONVERSION = YES;
				CLANG_WARN_DIRECT_OBJC_ISA_USAGE = YES_ERROR;
				CLANG_WARN_DOCUMENTATION_COMMENTS = YES;
				CLANG_WARN_EMPTY_BODY = YES;
				CLANG_WARN_ENUM_CONVERSION = YES;
				CLANG_WARN_INFINITE_RECURSION = YES;
				CLANG_WARN_INT_CONVERSION = YES;
				CLANG_WARN_NON_LITERAL_NULL_CONVERSION = YES;
				CLANG_WARN_OBJC_LITERAL_CONVERSION = YES;
				CLANG_WARN_OBJC_ROOT_CLASS = YES_ERROR;
				CLANG_WARN_RANGE_LOOP_ANALYSIS = YES;
				CLANG_WARN_STRICT_PROTOTYPES = YES;
				CLANG_WARN_SUSPICIOUS_MOVE = YES;
				CLANG_WARN_UNREACHABLE_CODE = YES;
				CLANG_WARN__DUPLICATE_METHOD_MATCH = YES;
				"CODE_SIGN_IDENTITY[sdk=iphoneos*]" = "iPhone Developer";
				COPY_PHASE_STRIP = NO;
				DEBUG_INFORMATION_FORMAT = "dwarf-with-dsym";
				ENABLE_NS_ASSERTIONS = NO;
				ENABLE_STRICT_OBJC_MSGSEND = YES;
				GCC_C_LANGUAGE_STANDARD = gnu99;
				GCC_NO_COMMON_BLOCKS = YES;
				GCC_WARN_64_TO_32_BIT_CONVERSION = YES;
				GCC_WARN_ABOUT_RETURN_TYPE = YES_ERROR;
				GCC_WARN_UNDECLARED_SELECTOR = YES;
				GCC_WARN_UNINITIALIZED_AUTOS = YES_AGGRESSIVE;
				GCC_WARN_UNUSED_FUNCTION = YES;
				GCC_WARN_UNUSED_VARIABLE = YES;
				IPHONEOS_DEPLOYMENT_TARGET = 10.0;
				MTL_ENABLE_DEBUG_INFO = NO;
				SDKROOT = iphoneos;
				SWIFT_OPTIMIZATION_LEVEL = "-Owholemodule";
				VALIDATE_PRODUCT = YES;
			};
			name = Release;
		};
		BE5C1A631E4E49BD005AB2A9 /* Debug */ = {
			isa = XCBuildConfiguration;
			baseConfigurationReference = C45E66AFE835E7FE7ECECA00 /* Pods-beeryMe.debug.xcconfig */;
			buildSettings = {
				ASSETCATALOG_COMPILER_APPICON_NAME = AppIcon;
				"CODE_SIGN_IDENTITY[sdk=iphoneos*]" = "iPhone Developer";
				CODE_SIGN_STYLE = Automatic;
				DEVELOPMENT_TEAM = BADG5SS7S8;
				INFOPLIST_FILE = beeryMe/Info.plist;
				IPHONEOS_DEPLOYMENT_TARGET = 10.0;
				LD_RUNPATH_SEARCH_PATHS = "$(inherited) @executable_path/Frameworks";
				PRODUCT_BUNDLE_IDENTIFIER = com.geojow.beeryMe;
				PRODUCT_NAME = "$(TARGET_NAME)";
				PROVISIONING_PROFILE_SPECIFIER = "";
				SWIFT_SWIFT3_OBJC_INFERENCE = Off;
				SWIFT_VERSION = 3.0;
			};
			name = Debug;
		};
		BE5C1A641E4E49BD005AB2A9 /* Release */ = {
			isa = XCBuildConfiguration;
			baseConfigurationReference = 20C561D500C73FF42BD3D15E /* Pods-beeryMe.release.xcconfig */;
			buildSettings = {
				ASSETCATALOG_COMPILER_APPICON_NAME = AppIcon;
				"CODE_SIGN_IDENTITY[sdk=iphoneos*]" = "iPhone Developer";
				CODE_SIGN_STYLE = Automatic;
				DEVELOPMENT_TEAM = BADG5SS7S8;
				INFOPLIST_FILE = beeryMe/Info.plist;
				IPHONEOS_DEPLOYMENT_TARGET = 10.0;
				LD_RUNPATH_SEARCH_PATHS = "$(inherited) @executable_path/Frameworks";
				PRODUCT_BUNDLE_IDENTIFIER = com.geojow.beeryMe;
				PRODUCT_NAME = "$(TARGET_NAME)";
				PROVISIONING_PROFILE_SPECIFIER = "";
				SWIFT_SWIFT3_OBJC_INFERENCE = Off;
				SWIFT_VERSION = 3.0;
			};
			name = Release;
		};
/* End XCBuildConfiguration section */

/* Begin XCConfigurationList section */
		BE5C1A4B1E4E49BD005AB2A9 /* Build configuration list for PBXProject "beeryMe" */ = {
			isa = XCConfigurationList;
			buildConfigurations = (
				BE5C1A601E4E49BD005AB2A9 /* Debug */,
				BE5C1A611E4E49BD005AB2A9 /* Release */,
			);
			defaultConfigurationIsVisible = 0;
			defaultConfigurationName = Release;
		};
		BE5C1A621E4E49BD005AB2A9 /* Build configuration list for PBXNativeTarget "beeryMe" */ = {
			isa = XCConfigurationList;
			buildConfigurations = (
				BE5C1A631E4E49BD005AB2A9 /* Debug */,
				BE5C1A641E4E49BD005AB2A9 /* Release */,
			);
			defaultConfigurationIsVisible = 0;
			defaultConfigurationName = Release;
		};
/* End XCConfigurationList section */
	};
	rootObject = BE5C1A481E4E49BD005AB2A9 /* Project object */;
}
